{
  "name": "vue-to-do",
  "version": "1.0.0",
  "lockfileVersion": 1,
  "requires": true,
  "dependencies": {
    "apiz": {
      "version": "1.0.7",
      "resolved": "http://registry.npm.taobao.org/apiz/download/apiz-1.0.7.tgz",
      "integrity": "sha1-EvoOiNMYrcHHhByTm7Bz2bpmPoY=",
      "requires": {
        "querystring": "0.2.0"
      }
    },
    "install": {
      "version": "0.12.1",
      "resolved": "http://registry.npm.taobao.org/install/download/install-0.12.1.tgz",
      "integrity": "sha1-OLLdRIkzDprz7qupO54/x33ueHI="
    },
    "mini-ajax": {
      "version": "1.0.8",
      "resolved": "http://registry.npm.taobao.org/mini-ajax/download/mini-ajax-1.0.8.tgz",
      "integrity": "sha1-2UFEaJ0AeHLJpiMvraWrNnEL4ds="
    },
    "querystring": {
      "version": "0.2.0",
      "resolved": "http://registry.npm.taobao.org/querystring/download/querystring-0.2.0.tgz",
      "integrity": "sha1-sgmEkgO7Jd+CDadW50cAWHhSFiA="
    },
    "vue": {
      "version": "2.5.16",
      "resolved": "http://registry.npm.taobao.org/vue/download/vue-2.5.16.tgz",
      "integrity": "sha1-B+23XoQSqu7YceuvqZ9GclhKAIU="
    },
    "vue-router": {
      "version": "3.0.1",
      "resolved": "http://registry.npm.taobao.org/vue-router/download/vue-router-3.0.1.tgz",
      "integrity": "sha1-2bBa2cdCC6D2JtZQDWk+YAkswek="
    }
  }
}
