{
  "name": "task0003-vue",
  "version": "1.0.0",
  "lockfileVersion": 1,
  "requires": true,
  "dependencies": {
    "apiz": {
      "version": "1.0.7",
      "resolved": "http://registry.npm.taobao.org/apiz/download/apiz-1.0.7.tgz",
      "integrity": "sha1-EvoOiNMYrcHHhByTm7Bz2bpmPoY=",
      "requires": {
        "querystring": "0.2.0"
      }
    },
    "mini-ajax": {
      "version": "1.0.8",
      "resolved": "http://registry.npm.taobao.org/mini-ajax/download/mini-ajax-1.0.8.tgz",
      "integrity": "sha1-2UFEaJ0AeHLJpiMvraWrNnEL4ds="
    },
    "querystring": {
      "version": "0.2.0",
      "resolved": "http://registry.npm.taobao.org/querystring/download/querystring-0.2.0.tgz",
      "integrity": "sha1-sgmEkgO7Jd+CDadW50cAWHhSFiA="
    }
  }
}
